
Microsoft Visual Studio Solution File, Format Version 12.00
# Visual Studio Version 16
VisualStudioVersion = 16.0.29025.244
MinimumVisualStudioVersion = 10.0.40219.1
Project("{FAE04EC0-301F-11D3-BF4B-00C04F79EFBC}") = "FtpDownloaderTest", "FtpDownloaderTest.csproj", "{99DF163F-CE5C-432F-B904-AF62AAB69AFF}"
EndProject
Global
	GlobalSection(SolutionConfigurationPlatforms) = preSolution
		Debug|Any CPU = Debug|Any CPU
		Release|Any CPU = Release|Any CPU
	EndGlobalSection
	GlobalSection(ProjectConfigurationPlatforms) = postSolution
		{99DF163F-CE5C-432F-B904-AF62AAB69AFF}.Debug|Any CPU.ActiveCfg = Debug|Any CPU
		{99DF163F-CE5C-432F-B904-AF62AAB69AFF}.Debug|Any CPU.Build.0 = Debug|Any CPU
		{99DF163F-CE5C-432F-B904-AF62AAB69AFF}.Release|Any CPU.ActiveCfg = Release|Any CPU
		{99DF163F-CE5C-432F-B904-AF62AAB69AFF}.Release|Any CPU.Build.0 = Release|Any CPU
	EndGlobalSection
	GlobalSection(SolutionProperties) = preSolution
		HideSolutionNode = FALSE
	EndGlobalSection
	GlobalSection(ExtensibilityGlobals) = postSolution
		SolutionGuid = {40785338-2AAD-419C-9395-344E6D5D61B6}
	EndGlobalSection
EndGlobal
